
Microsoft Visual Studio Solution File, Format Version 12.00
# Visual Studio Version 16
VisualStudioVersion = 16.0.29306.81
MinimumVisualStudioVersion = 10.0.40219.1
Project("{8BC9CEB8-8B4A-11D0-8D11-00A0C91BC942}") = "Server", "Server\Server.vcxproj", "{135A8163-19FB-44CC-9093-B6B4072E4E2D}"
EndProject
Global
	GlobalSection(SolutionConfigurationPlatforms) = preSolution
		Debug|x64 = Debug|x64
		Debug|x86 = Debug|x86
		Release|x64 = Release|x64
		Release|x86 = Release|x86
	EndGlobalSection
	GlobalSection(ProjectConfigurationPlatforms) = postSolution
		{135A8163-19FB-44CC-9093-B6B4072E4E2D}.Debug|x64.ActiveCfg = Debug|x64
		{135A8163-19FB-44CC-9093-B6B4072E4E2D}.Debug|x64.Build.0 = Debug|x64
		{135A8163-19FB-44CC-9093-B6B4072E4E2D}.Debug|x86.ActiveCfg = Debug|Win32
		{135A8163-19FB-44CC-9093-B6B4072E4E2D}.Debug|x86.Build.0 = Debug|Win32
		{135A8163-19FB-44CC-9093-B6B4072E4E2D}.Release|x64.ActiveCfg = Release|x64
		{135A8163-19FB-44CC-9093-B6B4072E4E2D}.Release|x64.Build.0 = Release|x64
		{135A8163-19FB-44CC-9093-B6B4072E4E2D}.Release|x86.ActiveCfg = Release|Win32
		{135A8163-19FB-44CC-9093-B6B4072E4E2D}.Release|x86.Build.0 = Release|Win32
	EndGlobalSection
	GlobalSection(SolutionProperties) = preSolution
		HideSolutionNode = FALSE
	EndGlobalSection
	GlobalSection(ExtensibilityGlobals) = postSolution
		SolutionGuid = {34C68BBA-B512-48EA-9A63-AD25B3F44CB4}
	EndGlobalSection
EndGlobal
